
Microsoft Visual Studio Solution File, Format Version 12.00
# Visual Studio Version 17
VisualStudioVersion = 17.11.35312.102
MinimumVisualStudioVersion = 10.0.40219.1
Project("{FAE04EC0-301F-11D3-BF4B-00C04F79EFBC}") = "adatbazis_gyakorlas", "adatbazis_gyakorlas\adatbazis_gyakorlas.csproj", "{1EBC2EB6-5DA2-4EBB-A349-AD87866B6E5F}"
EndProject
Global
	GlobalSection(SolutionConfigurationPlatforms) = preSolution
		Debug|Any CPU = Debug|Any CPU
		Release|Any CPU = Release|Any CPU
	EndGlobalSection
	GlobalSection(ProjectConfigurationPlatforms) = postSolution
		{1EBC2EB6-5DA2-4EBB-A349-AD87866B6E5F}.Debug|Any CPU.ActiveCfg = Debug|Any CPU
		{1EBC2EB6-5DA2-4EBB-A349-AD87866B6E5F}.Debug|Any CPU.Build.0 = Debug|Any CPU
		{1EBC2EB6-5DA2-4EBB-A349-AD87866B6E5F}.Release|Any CPU.ActiveCfg = Release|Any CPU
		{1EBC2EB6-5DA2-4EBB-A349-AD87866B6E5F}.Release|Any CPU.Build.0 = Release|Any CPU
	EndGlobalSection
	GlobalSection(SolutionProperties) = preSolution
		HideSolutionNode = FALSE
	EndGlobalSection
	GlobalSection(ExtensibilityGlobals) = postSolution
		SolutionGuid = {9D895314-D2C2-4C74-8279-B3D6ED32549B}
	EndGlobalSection
EndGlobal
